
Microsoft Visual Studio Solution File, Format Version 12.00
# Visual Studio Version 17
VisualStudioVersion = 17.12.35521.163
MinimumVisualStudioVersion = 10.0.40219.1
Project("{2150E333-8FDC-42A3-9474-1A3956D46DE8}") = "src", "src", "{54070750-B39F-473E-AB75-ED1CA8886B38}"
EndProject
Project("{2150E333-8FDC-42A3-9474-1A3956D46DE8}") = "Backend", "Backend", "{1888A940-E7A8-4901-AA42-55F0A4188AF9}"
EndProject
Project("{2150E333-8FDC-42A3-9474-1A3956D46DE8}") = "Shared", "Shared", "{5E85DAE3-8B4A-48A1-AC7B-6F8F22D3938B}"
EndProject
Project("{FAE04EC0-301F-11D3-BF4B-00C04F79EFBC}") = "TarefasCrud.Communication", "src\Shared\TarefasCrud.Communication\TarefasCrud.Communication.csproj", "{301B751E-A49B-48B0-ABA1-F48EFD2E006B}"
EndProject
Project("{2150E333-8FDC-42A3-9474-1A3956D46DE8}") = "tests", "tests", "{F1B1DAE3-DA34-40EF-A208-5EDF1F5C650E}"
EndProject
Project("{FAE04EC0-301F-11D3-BF4B-00C04F79EFBC}") = "Validators.Test", "tests\Validators.Test\Validators.Test.csproj", "{5241E6F1-D93C-4300-AD33-754EC1E07FCA}"
EndProject
Project("{FAE04EC0-301F-11D3-BF4B-00C04F79EFBC}") = "CommonTestUtilities", "tests\CommonTestUtilities\CommonTestUtilities.csproj", "{1CF1A847-C968-4557-BD8C-578AFB94232C}"
EndProject
Project("{FAE04EC0-301F-11D3-BF4B-00C04F79EFBC}") = "UseCases.Test", "tests\UseCases.Test\UseCases.Test.csproj", "{F8ACE02B-C83A-495D-9878-D3FF9F439310}"
EndProject
Project("{FAE04EC0-301F-11D3-BF4B-00C04F79EFBC}") = "WebApi.Test", "tests\WebApi.Test\WebApi.Test.csproj", "{64DC5F6C-9ECC-42B4-8181-AFADB4E56ED9}"
EndProject
Project("{FAE04EC0-301F-11D3-BF4B-00C04F79EFBC}") = "TarefasCrud.API", "src\Backend\TarefasCrud.API\TarefasCrud.API.csproj", "{92878C9E-37E3-4A84-AB78-59576D5D6B5C}"
EndProject
Project("{FAE04EC0-301F-11D3-BF4B-00C04F79EFBC}") = "TarefasCrud.Exceptions", "src\Shared\TarefasCrud.Exceptions\TarefasCrud.Exceptions.csproj", "{17456EA8-9AA2-4E76-BA80-8A33202DD523}"
EndProject
Project("{2150E333-8FDC-42A3-9474-1A3956D46DE8}") = "UsersModule", "UsersModule", "{3DF9AAE6-C2C3-4DE5-8C8C-2152FB4ACB45}"
EndProject
Project("{2150E333-8FDC-42A3-9474-1A3956D46DE8}") = "TasksModule", "TasksModule", "{A5DE8C9F-F1F0-4A0E-88D6-D5C57E1FCBDE}"
EndProject
Project("{FAE04EC0-301F-11D3-BF4B-00C04F79EFBC}") = "TasksModule.Application", "src\Backend\TasksModule\TasksModule.Application\TasksModule.Application.csproj", "{B836E0E9-A8B2-46BB-B3D4-5454022332FC}"
EndProject
Project("{FAE04EC0-301F-11D3-BF4B-00C04F79EFBC}") = "TasksModule.Domain", "src\Backend\TasksModule\TasksModule.Domain\TasksModule.Domain.csproj", "{E1EA82F3-9850-44FA-B250-458F7DF55E82}"
EndProject
Project("{FAE04EC0-301F-11D3-BF4B-00C04F79EFBC}") = "TasksModule.Infrastructure", "src\Backend\TasksModule\TasksModule.Infrastructure\TasksModule.Infrastructure.csproj", "{F7C3C99E-30FC-446E-A8A3-232A5D90967E}"
EndProject
Project("{FAE04EC0-301F-11D3-BF4B-00C04F79EFBC}") = "UsersModule.Application", "src\Backend\UsersModule\UsersModule.Application\UsersModule.Application.csproj", "{1BCB5B5F-9510-4D3A-9187-BE0D308A1322}"
EndProject
Project("{FAE04EC0-301F-11D3-BF4B-00C04F79EFBC}") = "UsersModule.Domain", "src\Backend\UsersModule\UsersModule.Domain\UsersModule.Domain.csproj", "{B53C376A-93C0-47E5-ACB3-5BB81BB952E4}"
EndProject
Project("{FAE04EC0-301F-11D3-BF4B-00C04F79EFBC}") = "UsersModule.Infrastructure", "src\Backend\UsersModule\UsersModule.Infrastructure\UsersModule.Infrastructure.csproj", "{7AADEA66-4ECD-4FE4-8546-051D443FCD83}"
EndProject
Project("{FAE04EC0-301F-11D3-BF4B-00C04F79EFBC}") = "TarefasCrud.Infrastructure", "src\Shared\TarefasCrud.Infrastructure\TarefasCrud.Infrastructure.csproj", "{F8F72859-9F9E-4DC1-8BE8-468A584AA62D}"
EndProject
Global
	GlobalSection(SolutionConfigurationPlatforms) = preSolution
		Debug|Any CPU = Debug|Any CPU
		Release|Any CPU = Release|Any CPU
	EndGlobalSection
	GlobalSection(ProjectConfigurationPlatforms) = postSolution
		{301B751E-A49B-48B0-ABA1-F48EFD2E006B}.Debug|Any CPU.ActiveCfg = Debug|Any CPU
		{301B751E-A49B-48B0-ABA1-F48EFD2E006B}.Debug|Any CPU.Build.0 = Debug|Any CPU
		{301B751E-A49B-48B0-ABA1-F48EFD2E006B}.Release|Any CPU.ActiveCfg = Release|Any CPU
		{301B751E-A49B-48B0-ABA1-F48EFD2E006B}.Release|Any CPU.Build.0 = Release|Any CPU
		{5241E6F1-D93C-4300-AD33-754EC1E07FCA}.Debug|Any CPU.ActiveCfg = Debug|Any CPU
		{5241E6F1-D93C-4300-AD33-754EC1E07FCA}.Debug|Any CPU.Build.0 = Debug|Any CPU
		{5241E6F1-D93C-4300-AD33-754EC1E07FCA}.Release|Any CPU.ActiveCfg = Release|Any CPU
		{5241E6F1-D93C-4300-AD33-754EC1E07FCA}.Release|Any CPU.Build.0 = Release|Any CPU
		{1CF1A847-C968-4557-BD8C-578AFB94232C}.Debug|Any CPU.ActiveCfg = Debug|Any CPU
		{1CF1A847-C968-4557-BD8C-578AFB94232C}.Debug|Any CPU.Build.0 = Debug|Any CPU
		{1CF1A847-C968-4557-BD8C-578AFB94232C}.Release|Any CPU.ActiveCfg = Release|Any CPU
		{1CF1A847-C968-4557-BD8C-578AFB94232C}.Release|Any CPU.Build.0 = Release|Any CPU
		{F8ACE02B-C83A-495D-9878-D3FF9F439310}.Debug|Any CPU.ActiveCfg = Debug|Any CPU
		{F8ACE02B-C83A-495D-9878-D3FF9F439310}.Debug|Any CPU.Build.0 = Debug|Any CPU
		{F8ACE02B-C83A-495D-9878-D3FF9F439310}.Release|Any CPU.ActiveCfg = Release|Any CPU
		{F8ACE02B-C83A-495D-9878-D3FF9F439310}.Release|Any CPU.Build.0 = Release|Any CPU
		{64DC5F6C-9ECC-42B4-8181-AFADB4E56ED9}.Debug|Any CPU.ActiveCfg = Debug|Any CPU
		{64DC5F6C-9ECC-42B4-8181-AFADB4E56ED9}.Debug|Any CPU.Build.0 = Debug|Any CPU
		{64DC5F6C-9ECC-42B4-8181-AFADB4E56ED9}.Release|Any CPU.ActiveCfg = Release|Any CPU
		{64DC5F6C-9ECC-42B4-8181-AFADB4E56ED9}.Release|Any CPU.Build.0 = Release|Any CPU
		{92878C9E-37E3-4A84-AB78-59576D5D6B5C}.Debug|Any CPU.ActiveCfg = Debug|Any CPU
		{92878C9E-37E3-4A84-AB78-59576D5D6B5C}.Debug|Any CPU.Build.0 = Debug|Any CPU
		{92878C9E-37E3-4A84-AB78-59576D5D6B5C}.Release|Any CPU.ActiveCfg = Release|Any CPU
		{92878C9E-37E3-4A84-AB78-59576D5D6B5C}.Release|Any CPU.Build.0 = Release|Any CPU
		{17456EA8-9AA2-4E76-BA80-8A33202DD523}.Debug|Any CPU.ActiveCfg = Debug|Any CPU
		{17456EA8-9AA2-4E76-BA80-8A33202DD523}.Debug|Any CPU.Build.0 = Debug|Any CPU
		{17456EA8-9AA2-4E76-BA80-8A33202DD523}.Release|Any CPU.ActiveCfg = Release|Any CPU
		{17456EA8-9AA2-4E76-BA80-8A33202DD523}.Release|Any CPU.Build.0 = Release|Any CPU
		{B836E0E9-A8B2-46BB-B3D4-5454022332FC}.Debug|Any CPU.ActiveCfg = Debug|Any CPU
		{B836E0E9-A8B2-46BB-B3D4-5454022332FC}.Debug|Any CPU.Build.0 = Debug|Any CPU
		{B836E0E9-A8B2-46BB-B3D4-5454022332FC}.Release|Any CPU.ActiveCfg = Release|Any CPU
		{B836E0E9-A8B2-46BB-B3D4-5454022332FC}.Release|Any CPU.Build.0 = Release|Any CPU
		{E1EA82F3-9850-44FA-B250-458F7DF55E82}.Debug|Any CPU.ActiveCfg = Debug|Any CPU
		{E1EA82F3-9850-44FA-B250-458F7DF55E82}.Debug|Any CPU.Build.0 = Debug|Any CPU
		{E1EA82F3-9850-44FA-B250-458F7DF55E82}.Release|Any CPU.ActiveCfg = Release|Any CPU
		{E1EA82F3-9850-44FA-B250-458F7DF55E82}.Release|Any CPU.Build.0 = Release|Any CPU
		{F7C3C99E-30FC-446E-A8A3-232A5D90967E}.Debug|Any CPU.ActiveCfg = Debug|Any CPU
		{F7C3C99E-30FC-446E-A8A3-232A5D90967E}.Debug|Any CPU.Build.0 = Debug|Any CPU
		{F7C3C99E-30FC-446E-A8A3-232A5D90967E}.Release|Any CPU.ActiveCfg = Release|Any CPU
		{F7C3C99E-30FC-446E-A8A3-232A5D90967E}.Release|Any CPU.Build.0 = Release|Any CPU
		{1BCB5B5F-9510-4D3A-9187-BE0D308A1322}.Debug|Any CPU.ActiveCfg = Debug|Any CPU
		{1BCB5B5F-9510-4D3A-9187-BE0D308A1322}.Debug|Any CPU.Build.0 = Debug|Any CPU
		{1BCB5B5F-9510-4D3A-9187-BE0D308A1322}.Release|Any CPU.ActiveCfg = Release|Any CPU
		{1BCB5B5F-9510-4D3A-9187-BE0D308A1322}.Release|Any CPU.Build.0 = Release|Any CPU
		{B53C376A-93C0-47E5-ACB3-5BB81BB952E4}.Debug|Any CPU.ActiveCfg = Debug|Any CPU
		{B53C376A-93C0-47E5-ACB3-5BB81BB952E4}.Debug|Any CPU.Build.0 = Debug|Any CPU
		{B53C376A-93C0-47E5-ACB3-5BB81BB952E4}.Release|Any CPU.ActiveCfg = Release|Any CPU
		{B53C376A-93C0-47E5-ACB3-5BB81BB952E4}.Release|Any CPU.Build.0 = Release|Any CPU
		{7AADEA66-4ECD-4FE4-8546-051D443FCD83}.Debug|Any CPU.ActiveCfg = Debug|Any CPU
		{7AADEA66-4ECD-4FE4-8546-051D443FCD83}.Debug|Any CPU.Build.0 = Debug|Any CPU
		{7AADEA66-4ECD-4FE4-8546-051D443FCD83}.Release|Any CPU.ActiveCfg = Release|Any CPU
		{7AADEA66-4ECD-4FE4-8546-051D443FCD83}.Release|Any CPU.Build.0 = Release|Any CPU
		{F8F72859-9F9E-4DC1-8BE8-468A584AA62D}.Debug|Any CPU.ActiveCfg = Debug|Any CPU
		{F8F72859-9F9E-4DC1-8BE8-468A584AA62D}.Debug|Any CPU.Build.0 = Debug|Any CPU
		{F8F72859-9F9E-4DC1-8BE8-468A584AA62D}.Release|Any CPU.ActiveCfg = Release|Any CPU
		{F8F72859-9F9E-4DC1-8BE8-468A584AA62D}.Release|Any CPU.Build.0 = Release|Any CPU
	EndGlobalSection
	GlobalSection(SolutionProperties) = preSolution
		HideSolutionNode = FALSE
	EndGlobalSection
	GlobalSection(NestedProjects) = preSolution
		{1888A940-E7A8-4901-AA42-55F0A4188AF9} = {54070750-B39F-473E-AB75-ED1CA8886B38}
		{5E85DAE3-8B4A-48A1-AC7B-6F8F22D3938B} = {54070750-B39F-473E-AB75-ED1CA8886B38}
		{301B751E-A49B-48B0-ABA1-F48EFD2E006B} = {5E85DAE3-8B4A-48A1-AC7B-6F8F22D3938B}
		{5241E6F1-D93C-4300-AD33-754EC1E07FCA} = {F1B1DAE3-DA34-40EF-A208-5EDF1F5C650E}
		{1CF1A847-C968-4557-BD8C-578AFB94232C} = {F1B1DAE3-DA34-40EF-A208-5EDF1F5C650E}
		{F8ACE02B-C83A-495D-9878-D3FF9F439310} = {F1B1DAE3-DA34-40EF-A208-5EDF1F5C650E}
		{64DC5F6C-9ECC-42B4-8181-AFADB4E56ED9} = {F1B1DAE3-DA34-40EF-A208-5EDF1F5C650E}
		{17456EA8-9AA2-4E76-BA80-8A33202DD523} = {5E85DAE3-8B4A-48A1-AC7B-6F8F22D3938B}
		{3DF9AAE6-C2C3-4DE5-8C8C-2152FB4ACB45} = {1888A940-E7A8-4901-AA42-55F0A4188AF9}
		{A5DE8C9F-F1F0-4A0E-88D6-D5C57E1FCBDE} = {1888A940-E7A8-4901-AA42-55F0A4188AF9}
		{B836E0E9-A8B2-46BB-B3D4-5454022332FC} = {A5DE8C9F-F1F0-4A0E-88D6-D5C57E1FCBDE}
		{E1EA82F3-9850-44FA-B250-458F7DF55E82} = {A5DE8C9F-F1F0-4A0E-88D6-D5C57E1FCBDE}
		{F7C3C99E-30FC-446E-A8A3-232A5D90967E} = {A5DE8C9F-F1F0-4A0E-88D6-D5C57E1FCBDE}
		{1BCB5B5F-9510-4D3A-9187-BE0D308A1322} = {3DF9AAE6-C2C3-4DE5-8C8C-2152FB4ACB45}
		{B53C376A-93C0-47E5-ACB3-5BB81BB952E4} = {3DF9AAE6-C2C3-4DE5-8C8C-2152FB4ACB45}
		{7AADEA66-4ECD-4FE4-8546-051D443FCD83} = {3DF9AAE6-C2C3-4DE5-8C8C-2152FB4ACB45}
		{F8F72859-9F9E-4DC1-8BE8-468A584AA62D} = {5E85DAE3-8B4A-48A1-AC7B-6F8F22D3938B}
		{92878C9E-37E3-4A84-AB78-59576D5D6B5C} = {1888A940-E7A8-4901-AA42-55F0A4188AF9}
	EndGlobalSection
EndGlobal
